
Microsoft Visual Studio Solution File, Format Version 12.00
# Visual Studio Version 17
VisualStudioVersion = 17.3.32929.385
MinimumVisualStudioVersion = 10.0.40219.1
Project("{9A19103F-16F7-4668-BE54-9A1E7A4F7556}") = "Showing a Report in the Viewer", "Showing a Report in the Viewer\Showing a Report in the Viewer.csproj", "{CAC0E48E-8C67-4187-B03D-78060C314E97}"
EndProject
Project("{9A19103F-16F7-4668-BE54-9A1E7A4F7556}") = "Editing a Report Template in the Designer", "Editing a Report Template in the Designer\Editing a Report Template in the Designer.csproj", "{0385EFE7-214B-4D63-AC9C-26378DE3F526}"
EndProject
Project("{FAE04EC0-301F-11D3-BF4B-00C04F79EFBC}") = "Web Demo", "Web Demo\Web Demo.csproj", "{438E4F73-9802-4A84-AA76-9AB6BCAA8F7F}"
EndProject
Global
	GlobalSection(SolutionConfigurationPlatforms) = preSolution
		Debug|Any CPU = Debug|Any CPU
		Release|Any CPU = Release|Any CPU
	EndGlobalSection
	GlobalSection(ProjectConfigurationPlatforms) = postSolution
		{CAC0E48E-8C67-4187-B03D-78060C314E97}.Debug|Any CPU.ActiveCfg = Debug|Any CPU
		{CAC0E48E-8C67-4187-B03D-78060C314E97}.Debug|Any CPU.Build.0 = Debug|Any CPU
		{CAC0E48E-8C67-4187-B03D-78060C314E97}.Release|Any CPU.ActiveCfg = Release|Any CPU
		{CAC0E48E-8C67-4187-B03D-78060C314E97}.Release|Any CPU.Build.0 = Release|Any CPU
		{0385EFE7-214B-4D63-AC9C-26378DE3F526}.Debug|Any CPU.ActiveCfg = Debug|Any CPU
		{0385EFE7-214B-4D63-AC9C-26378DE3F526}.Debug|Any CPU.Build.0 = Debug|Any CPU
		{0385EFE7-214B-4D63-AC9C-26378DE3F526}.Release|Any CPU.ActiveCfg = Release|Any CPU
		{0385EFE7-214B-4D63-AC9C-26378DE3F526}.Release|Any CPU.Build.0 = Release|Any CPU
		{438E4F73-9802-4A84-AA76-9AB6BCAA8F7F}.Debug|Any CPU.ActiveCfg = Debug|Any CPU
		{438E4F73-9802-4A84-AA76-9AB6BCAA8F7F}.Debug|Any CPU.Build.0 = Debug|Any CPU
		{438E4F73-9802-4A84-AA76-9AB6BCAA8F7F}.Release|Any CPU.ActiveCfg = Release|Any CPU
		{438E4F73-9802-4A84-AA76-9AB6BCAA8F7F}.Release|Any CPU.Build.0 = Release|Any CPU
	EndGlobalSection
	GlobalSection(SolutionProperties) = preSolution
		HideSolutionNode = FALSE
	EndGlobalSection
	GlobalSection(ExtensibilityGlobals) = postSolution
		SolutionGuid = {633EC66C-E58E-4067-B52D-68CFC6159F0C}
	EndGlobalSection
EndGlobal
